
Microsoft Visual Studio Solution File, Format Version 12.00
# Visual Studio Version 17
VisualStudioVersion = 17.0.31903.59
MinimumVisualStudioVersion = 10.0.40219.1
Project("{FAE04EC0-301F-11D3-BF4B-00C04F79EFBC}") = "MyEngine", "MyEngine\MyEngine.csproj", "{223EBBB9-2122-4F8D-841C-41EF71333282}"
EndProject
Project("{FAE04EC0-301F-11D3-BF4B-00C04F79EFBC}") = "MyEngine.Tests", "MyEngine.Tests\MyEngine.Tests.csproj", "{1E7C0E8D-7530-4416-A444-4D7287DBF818}"
EndProject
Global
	GlobalSection(SolutionConfigurationPlatforms) = preSolution
		Debug|Any CPU = Debug|Any CPU
		Release|Any CPU = Release|Any CPU
	EndGlobalSection
	GlobalSection(SolutionProperties) = preSolution
		HideSolutionNode = FALSE
	EndGlobalSection
	GlobalSection(ProjectConfigurationPlatforms) = postSolution
		{223EBBB9-2122-4F8D-841C-41EF71333282}.Debug|Any CPU.ActiveCfg = Debug|Any CPU
		{223EBBB9-2122-4F8D-841C-41EF71333282}.Debug|Any CPU.Build.0 = Debug|Any CPU
		{223EBBB9-2122-4F8D-841C-41EF71333282}.Release|Any CPU.ActiveCfg = Release|Any CPU
		{223EBBB9-2122-4F8D-841C-41EF71333282}.Release|Any CPU.Build.0 = Release|Any CPU
		{1E7C0E8D-7530-4416-A444-4D7287DBF818}.Debug|Any CPU.ActiveCfg = Debug|Any CPU
		{1E7C0E8D-7530-4416-A444-4D7287DBF818}.Debug|Any CPU.Build.0 = Debug|Any CPU
		{1E7C0E8D-7530-4416-A444-4D7287DBF818}.Release|Any CPU.ActiveCfg = Release|Any CPU
		{1E7C0E8D-7530-4416-A444-4D7287DBF818}.Release|Any CPU.Build.0 = Release|Any CPU
	EndGlobalSection
EndGlobal
